
Microsoft Visual Studio Solution File, Format Version 12.00
# Visual Studio Version 17
VisualStudioVersion = 17.11.35327.3
MinimumVisualStudioVersion = 10.0.40219.1
Project("{FAE04EC0-301F-11D3-BF4B-00C04F79EFBC}") = "CSharpEgitimKampi301.EntityLayer", "CSharpEgitimKampi301.EntityLayer\CSharpEgitimKampi301.EntityLayer.csproj", "{892D9FAD-F7EE-42BD-8634-4D2027DE4BB5}"
EndProject
Project("{FAE04EC0-301F-11D3-BF4B-00C04F79EFBC}") = "CSharpEgitimKampi301.DataAccessLayer", "CSharpEgitimKampi301.DataAccessLayer\CSharpEgitimKampi301.DataAccessLayer.csproj", "{80D37F77-7889-4690-9F72-AE5EA34F0781}"
EndProject
Project("{FAE04EC0-301F-11D3-BF4B-00C04F79EFBC}") = "CSharpEgitimKampi301.BusinessLayer", "CSharpEgitimKampi301.BusinessLayer\CSharpEgitimKampi301.BusinessLayer.csproj", "{5B7A3A87-CF6B-4046-BDE6-0002EDE25CDB}"
EndProject
Project("{FAE04EC0-301F-11D3-BF4B-00C04F79EFBC}") = "CSharpEgitimKampi301.PresentationLayer", "CSharpEgitimKampi301.PresentationLayer\CSharpEgitimKampi301.PresentationLayer.csproj", "{C486A3DB-66F4-4C97-8DED-01BCA3BF326A}"
EndProject
Project("{FAE04EC0-301F-11D3-BF4B-00C04F79EFBC}") = "CSharpEgitimKampi301.EFProject", "CSharpEgitimKampi301.EFProject\CSharpEgitimKampi301.EFProject.csproj", "{FFF9ECD1-A09C-4284-A4A0-604F94787C2B}"
EndProject
Global
	GlobalSection(SolutionConfigurationPlatforms) = preSolution
		Debug|Any CPU = Debug|Any CPU
		Release|Any CPU = Release|Any CPU
	EndGlobalSection
	GlobalSection(ProjectConfigurationPlatforms) = postSolution
		{892D9FAD-F7EE-42BD-8634-4D2027DE4BB5}.Debug|Any CPU.ActiveCfg = Debug|Any CPU
		{892D9FAD-F7EE-42BD-8634-4D2027DE4BB5}.Debug|Any CPU.Build.0 = Debug|Any CPU
		{892D9FAD-F7EE-42BD-8634-4D2027DE4BB5}.Release|Any CPU.ActiveCfg = Release|Any CPU
		{892D9FAD-F7EE-42BD-8634-4D2027DE4BB5}.Release|Any CPU.Build.0 = Release|Any CPU
		{80D37F77-7889-4690-9F72-AE5EA34F0781}.Debug|Any CPU.ActiveCfg = Debug|Any CPU
		{80D37F77-7889-4690-9F72-AE5EA34F0781}.Debug|Any CPU.Build.0 = Debug|Any CPU
		{80D37F77-7889-4690-9F72-AE5EA34F0781}.Release|Any CPU.ActiveCfg = Release|Any CPU
		{80D37F77-7889-4690-9F72-AE5EA34F0781}.Release|Any CPU.Build.0 = Release|Any CPU
		{5B7A3A87-CF6B-4046-BDE6-0002EDE25CDB}.Debug|Any CPU.ActiveCfg = Debug|Any CPU
		{5B7A3A87-CF6B-4046-BDE6-0002EDE25CDB}.Debug|Any CPU.Build.0 = Debug|Any CPU
		{5B7A3A87-CF6B-4046-BDE6-0002EDE25CDB}.Release|Any CPU.ActiveCfg = Release|Any CPU
		{5B7A3A87-CF6B-4046-BDE6-0002EDE25CDB}.Release|Any CPU.Build.0 = Release|Any CPU
		{C486A3DB-66F4-4C97-8DED-01BCA3BF326A}.Debug|Any CPU.ActiveCfg = Debug|Any CPU
		{C486A3DB-66F4-4C97-8DED-01BCA3BF326A}.Debug|Any CPU.Build.0 = Debug|Any CPU
		{C486A3DB-66F4-4C97-8DED-01BCA3BF326A}.Release|Any CPU.ActiveCfg = Release|Any CPU
		{C486A3DB-66F4-4C97-8DED-01BCA3BF326A}.Release|Any CPU.Build.0 = Release|Any CPU
		{FFF9ECD1-A09C-4284-A4A0-604F94787C2B}.Debug|Any CPU.ActiveCfg = Debug|Any CPU
		{FFF9ECD1-A09C-4284-A4A0-604F94787C2B}.Debug|Any CPU.Build.0 = Debug|Any CPU
		{FFF9ECD1-A09C-4284-A4A0-604F94787C2B}.Release|Any CPU.ActiveCfg = Release|Any CPU
		{FFF9ECD1-A09C-4284-A4A0-604F94787C2B}.Release|Any CPU.Build.0 = Release|Any CPU
	EndGlobalSection
	GlobalSection(SolutionProperties) = preSolution
		HideSolutionNode = FALSE
	EndGlobalSection
	GlobalSection(ExtensibilityGlobals) = postSolution
		SolutionGuid = {67CE23F6-9226-4B59-84E5-1FA27ED9EEDF}
	EndGlobalSection
EndGlobal
